
Microsoft Visual Studio Solution File, Format Version 12.00
# Visual Studio Version 16
VisualStudioVersion = 16.0.30114.105
MinimumVisualStudioVersion = 10.0.40219.1
Project("{FAE04EC0-301F-11D3-BF4B-00C04F79EFBC}") = "lab_1", "lab_1\lab_1.csproj", "{26DB1B6D-FC95-44C8-B45A-361E7CF37AEC}"
EndProject
Project("{FAE04EC0-301F-11D3-BF4B-00C04F79EFBC}") = "lab_3", "lab_3\lab_3.csproj", "{83128BD1-4019-4751-9C94-CA0DC1FB8FBF}"
EndProject
Project("{FAE04EC0-301F-11D3-BF4B-00C04F79EFBC}") = "lab_5", "lab_5\lab_5.csproj", "{01638AF0-E76C-4032-8E63-1072A6E07B15}"
EndProject
Project("{FAE04EC0-301F-11D3-BF4B-00C04F79EFBC}") = "lab_2", "lab_2\lab_2.csproj", "{96D6ECF0-1FFB-4684-B3BF-03781264BC39}"
EndProject
Project("{FAE04EC0-301F-11D3-BF4B-00C04F79EFBC}") = "lab_4", "lab_4\lab_4.csproj", "{41769CD9-F430-4B32-9EA3-D3AD298BD23A}"
EndProject
Global
	GlobalSection(SolutionConfigurationPlatforms) = preSolution
		Debug|Any CPU = Debug|Any CPU
		Release|Any CPU = Release|Any CPU
	EndGlobalSection
	GlobalSection(ProjectConfigurationPlatforms) = postSolution
		{26DB1B6D-FC95-44C8-B45A-361E7CF37AEC}.Debug|Any CPU.ActiveCfg = Debug|Any CPU
		{26DB1B6D-FC95-44C8-B45A-361E7CF37AEC}.Debug|Any CPU.Build.0 = Debug|Any CPU
		{26DB1B6D-FC95-44C8-B45A-361E7CF37AEC}.Release|Any CPU.ActiveCfg = Release|Any CPU
		{26DB1B6D-FC95-44C8-B45A-361E7CF37AEC}.Release|Any CPU.Build.0 = Release|Any CPU
		{83128BD1-4019-4751-9C94-CA0DC1FB8FBF}.Debug|Any CPU.ActiveCfg = Debug|Any CPU
		{83128BD1-4019-4751-9C94-CA0DC1FB8FBF}.Debug|Any CPU.Build.0 = Debug|Any CPU
		{83128BD1-4019-4751-9C94-CA0DC1FB8FBF}.Release|Any CPU.ActiveCfg = Release|Any CPU
		{83128BD1-4019-4751-9C94-CA0DC1FB8FBF}.Release|Any CPU.Build.0 = Release|Any CPU
		{01638AF0-E76C-4032-8E63-1072A6E07B15}.Debug|Any CPU.ActiveCfg = Debug|Any CPU
		{01638AF0-E76C-4032-8E63-1072A6E07B15}.Debug|Any CPU.Build.0 = Debug|Any CPU
		{01638AF0-E76C-4032-8E63-1072A6E07B15}.Release|Any CPU.ActiveCfg = Release|Any CPU
		{01638AF0-E76C-4032-8E63-1072A6E07B15}.Release|Any CPU.Build.0 = Release|Any CPU
		{96D6ECF0-1FFB-4684-B3BF-03781264BC39}.Debug|Any CPU.ActiveCfg = Debug|Any CPU
		{96D6ECF0-1FFB-4684-B3BF-03781264BC39}.Debug|Any CPU.Build.0 = Debug|Any CPU
		{96D6ECF0-1FFB-4684-B3BF-03781264BC39}.Release|Any CPU.ActiveCfg = Release|Any CPU
		{96D6ECF0-1FFB-4684-B3BF-03781264BC39}.Release|Any CPU.Build.0 = Release|Any CPU
		{41769CD9-F430-4B32-9EA3-D3AD298BD23A}.Debug|Any CPU.ActiveCfg = Debug|Any CPU
		{41769CD9-F430-4B32-9EA3-D3AD298BD23A}.Debug|Any CPU.Build.0 = Debug|Any CPU
		{41769CD9-F430-4B32-9EA3-D3AD298BD23A}.Release|Any CPU.ActiveCfg = Release|Any CPU
		{41769CD9-F430-4B32-9EA3-D3AD298BD23A}.Release|Any CPU.Build.0 = Release|Any CPU
	EndGlobalSection
	GlobalSection(SolutionProperties) = preSolution
		HideSolutionNode = FALSE
	EndGlobalSection
	GlobalSection(ExtensibilityGlobals) = postSolution
		SolutionGuid = {D514B4A7-056D-4F36-8E93-39E2147C79EB}
	EndGlobalSection
EndGlobal
